
Microsoft Visual Studio Solution File, Format Version 12.00
# Visual Studio 15
VisualStudioVersion = 15.0.28307.1022
MinimumVisualStudioVersion = 10.0.40219.1
Project("{FAE04EC0-301F-11D3-BF4B-00C04F79EFBC}") = "WindowsFormsApp1", "WindowsFormsApp1\WindowsFormsApp1.csproj", "{19B60143-55CD-4B8F-9990-82D323A44C7A}"
EndProject
Global
	GlobalSection(SolutionConfigurationPlatforms) = preSolution
		Debug|Any CPU = Debug|Any CPU
		Release|Any CPU = Release|Any CPU
	EndGlobalSection
	GlobalSection(ProjectConfigurationPlatforms) = postSolution
		{19B60143-55CD-4B8F-9990-82D323A44C7A}.Debug|Any CPU.ActiveCfg = Debug|Any CPU
		{19B60143-55CD-4B8F-9990-82D323A44C7A}.Debug|Any CPU.Build.0 = Debug|Any CPU
		{19B60143-55CD-4B8F-9990-82D323A44C7A}.Release|Any CPU.ActiveCfg = Release|Any CPU
		{19B60143-55CD-4B8F-9990-82D323A44C7A}.Release|Any CPU.Build.0 = Release|Any CPU
	EndGlobalSection
	GlobalSection(SolutionProperties) = preSolution
		HideSolutionNode = FALSE
	EndGlobalSection
	GlobalSection(ExtensibilityGlobals) = postSolution
		SolutionGuid = {B7ACB317-8D41-493D-81A3-9FD9503EB17B}
	EndGlobalSection
EndGlobal
