
Microsoft Visual Studio Solution File, Format Version 12.00
# Visual Studio 15
VisualStudioVersion = 15.0.28307.1022
MinimumVisualStudioVersion = 10.0.40219.1
Project("{FAE04EC0-301F-11D3-BF4B-00C04F79EFBC}") = "FindAllPrime", "FindAllPrime\FindAllPrime.csproj", "{F8EBB1F8-C30F-4FC1-A9C1-823323CA0A79}"
EndProject
Global
	GlobalSection(SolutionConfigurationPlatforms) = preSolution
		Debug|Any CPU = Debug|Any CPU
		Release|Any CPU = Release|Any CPU
	EndGlobalSection
	GlobalSection(ProjectConfigurationPlatforms) = postSolution
		{F8EBB1F8-C30F-4FC1-A9C1-823323CA0A79}.Debug|Any CPU.ActiveCfg = Debug|Any CPU
		{F8EBB1F8-C30F-4FC1-A9C1-823323CA0A79}.Debug|Any CPU.Build.0 = Debug|Any CPU
		{F8EBB1F8-C30F-4FC1-A9C1-823323CA0A79}.Release|Any CPU.ActiveCfg = Release|Any CPU
		{F8EBB1F8-C30F-4FC1-A9C1-823323CA0A79}.Release|Any CPU.Build.0 = Release|Any CPU
	EndGlobalSection
	GlobalSection(SolutionProperties) = preSolution
		HideSolutionNode = FALSE
	EndGlobalSection
	GlobalSection(ExtensibilityGlobals) = postSolution
		SolutionGuid = {12F6BE81-6998-4472-8FC4-4832FF5C4AC3}
	EndGlobalSection
EndGlobal
